
Microsoft Visual Studio Solution File, Format Version 12.00
Project("{2150E333-8FDC-42A3-9474-1A3956D46DE8}") = "_Files", "_Files", "{4F0C2C41-757C-4B83-8936-21690914BC64}"
	ProjectSection(SolutionItems) = preProject
		README.md = README.md
		LICENSE = LICENSE
		global.json = global.json
		Directory.Build.props = Directory.Build.props
		TODO.md = TODO.md
		AGENTS.md = AGENTS.md
	EndProjectSection
EndProject
Project("{2150E333-8FDC-42A3-9474-1A3956D46DE8}") = "Presentation", "Presentation", "{F1A107C0-C18F-454C-82C5-1B0FD8512123}"
EndProject
Project("{FAE04EC0-301F-11D3-BF4B-00C04F79EFBC}") = "Pulse.Api", "src\presentation\Pulse.Api\Pulse.Api.csproj", "{25CDAA92-F4FE-41AA-ABFF-20167D395406}"
EndProject
Project("{FAE04EC0-301F-11D3-BF4B-00C04F79EFBC}") = "Pulse.Api.Client", "src\presentation\Pulse.Api.Client\Pulse.Api.Client.csproj", "{A906DF96-5605-4EEB-BB92-DD537B0E4744}"
EndProject
Project("{FAE04EC0-301F-11D3-BF4B-00C04F79EFBC}") = "Pulse.Api.Mgmt", "src\presentation\Pulse.Api.Mgmt\Pulse.Api.Mgmt.csproj", "{49194F1C-E548-409B-8312-5375DEBBEE95}"
EndProject
Project("{FAE04EC0-301F-11D3-BF4B-00C04F79EFBC}") = "Pulse.Api.Mgmt.Contract", "src\presentation\Pulse.Api.Mgmt.Contract\Pulse.Api.Mgmt.Contract.csproj", "{C232D603-BB8C-4A5A-9612-B0F7B0FD72A3}"
EndProject
Project("{FAE04EC0-301F-11D3-BF4B-00C04F79EFBC}") = "Pulse.Api.Mgmt.Client", "src\presentation\Pulse.Api.Mgmt.Client\Pulse.Api.Mgmt.Client.csproj", "{3769A7A9-E357-45A6-A67A-25F3FA98386D}"
EndProject
Project("{FAE04EC0-301F-11D3-BF4B-00C04F79EFBC}") = "Pulse.Api.Shared", "src\presentation\Pulse.Api.Shared\Pulse.Api.Shared.csproj", "{28149B92-936A-4176-869C-C2D77932618D}"
EndProject
Project("{FAE04EC0-301F-11D3-BF4B-00C04F79EFBC}") = "Pulse.Api.Shared.Contract", "src\presentation\Pulse.Api.Shared.Contract\Pulse.Api.Shared.Contract.csproj", "{986FC133-CA5F-47F8-86BB-59503D9ECD22}"
EndProject
Project("{2150E333-8FDC-42A3-9474-1A3956D46DE8}") = "Domain", "Domain", "{FB35BCD8-1BC7-4BD6-8452-03EF5ED474A8}"
EndProject
Project("{FAE04EC0-301F-11D3-BF4B-00C04F79EFBC}") = "Pulse.Domain", "src\domain\Pulse.Domain\Pulse.Domain.csproj", "{7EB2AAA3-B5D2-4439-A139-A5EB5CA7E4E9}"
EndProject
Project("{2150E333-8FDC-42A3-9474-1A3956D46DE8}") = "App", "App", "{FB4FE66A-E49C-4A1A-AC40-6F6172A7AD1F}"
EndProject
Project("{FAE04EC0-301F-11D3-BF4B-00C04F79EFBC}") = "Pulse.App", "src\application\Pulse.App\Pulse.App.csproj", "{20D39AD3-6413-4E46-A6B2-D48A343853EA}"
EndProject
Project("{2150E333-8FDC-42A3-9474-1A3956D46DE8}") = "Infra", "Infra", "{89A8C8E4-02E1-45AE-8B43-28E62013EADE}"
EndProject
Project("{FAE04EC0-301F-11D3-BF4B-00C04F79EFBC}") = "Pulse.Infra", "src\infrastructure\Pulse.Infra\Pulse.Infra.csproj", "{2158DB3C-6694-4569-B3ED-7676400515AD}"
EndProject
Project("{FAE04EC0-301F-11D3-BF4B-00C04F79EFBC}") = "Pulse.App.Dto", "src\application\Pulse.App.Dto\Pulse.App.Dto.csproj", "{06A6C98C-3C79-42B7-A1FA-1DFA9C341839}"
EndProject
Project("{FAE04EC0-301F-11D3-BF4B-00C04F79EFBC}") = "Pulse.Domain.Tests", "src\domain\Pulse.Domain.Tests\Pulse.Domain.Tests.csproj", "{80F0F127-442C-481B-9F8C-CEB90C590808}"
EndProject
Project("{FAE04EC0-301F-11D3-BF4B-00C04F79EFBC}") = "Pulse.AppHost", "src\Pulse.AppHost\Pulse.AppHost.csproj", "{F11E4191-CE0C-4A1D-9C88-D6E3FE815DBE}"
EndProject
Project("{FAE04EC0-301F-11D3-BF4B-00C04F79EFBC}") = "Pulse.App.Tests", "src\application\Pulse.App.Tests\Pulse.App.Tests.csproj", "{797B01BB-B5E0-4A8C-9405-BAE9352376A5}"
EndProject
Project("{2150E333-8FDC-42A3-9474-1A3956D46DE8}") = "_Http", "_Http", "{9FF4066B-B02F-4C09-B460-3C0CACBCEEF4}"
	ProjectSection(SolutionItems) = preProject
		http\http-client.private.env.json = http\http-client.private.env.json
		http\http-client.env.json = http\http-client.env.json
	EndProjectSection
EndProject
Project("{2150E333-8FDC-42A3-9474-1A3956D46DE8}") = "mgmt", "mgmt", "{F5C5DF9A-A5F9-4FCF-B478-EF27D2CD5F69}"
	ProjectSection(SolutionItems) = preProject
		http\mgmt\application.http = http\mgmt\application.http
		http\mgmt\user.http = http\mgmt\user.http
		http\mgmt\environment.http = http\mgmt\environment.http
	EndProjectSection
EndProject
Project("{FAE04EC0-301F-11D3-BF4B-00C04F79EFBC}") = "Pulse.Tests.Shared", "src\domain\Pulse.Tests.Shared\Pulse.Tests.Shared.csproj", "{A21CCDDD-88B2-49BA-8637-FADB3D646D7D}"
EndProject
Project("{FAE04EC0-301F-11D3-BF4B-00C04F79EFBC}") = "Pulse.Infra.Tests", "src\infrastructure\Pulse.Infra.Tests\Pulse.Infra.Tests.csproj", "{5EF1DA89-5E85-4472-8EBA-0EE4650BBEA4}"
EndProject
Global
	GlobalSection(SolutionConfigurationPlatforms) = preSolution
		Debug|Any CPU = Debug|Any CPU
		Release|Any CPU = Release|Any CPU
	EndGlobalSection
	GlobalSection(NestedProjects) = preSolution
		{25CDAA92-F4FE-41AA-ABFF-20167D395406} = {F1A107C0-C18F-454C-82C5-1B0FD8512123}
		{A906DF96-5605-4EEB-BB92-DD537B0E4744} = {F1A107C0-C18F-454C-82C5-1B0FD8512123}
		{49194F1C-E548-409B-8312-5375DEBBEE95} = {F1A107C0-C18F-454C-82C5-1B0FD8512123}
		{C232D603-BB8C-4A5A-9612-B0F7B0FD72A3} = {F1A107C0-C18F-454C-82C5-1B0FD8512123}
		{3769A7A9-E357-45A6-A67A-25F3FA98386D} = {F1A107C0-C18F-454C-82C5-1B0FD8512123}
		{28149B92-936A-4176-869C-C2D77932618D} = {F1A107C0-C18F-454C-82C5-1B0FD8512123}
		{986FC133-CA5F-47F8-86BB-59503D9ECD22} = {F1A107C0-C18F-454C-82C5-1B0FD8512123}
		{7EB2AAA3-B5D2-4439-A139-A5EB5CA7E4E9} = {FB35BCD8-1BC7-4BD6-8452-03EF5ED474A8}
		{20D39AD3-6413-4E46-A6B2-D48A343853EA} = {FB4FE66A-E49C-4A1A-AC40-6F6172A7AD1F}
		{2158DB3C-6694-4569-B3ED-7676400515AD} = {89A8C8E4-02E1-45AE-8B43-28E62013EADE}
		{06A6C98C-3C79-42B7-A1FA-1DFA9C341839} = {FB4FE66A-E49C-4A1A-AC40-6F6172A7AD1F}
		{80F0F127-442C-481B-9F8C-CEB90C590808} = {FB35BCD8-1BC7-4BD6-8452-03EF5ED474A8}
		{797B01BB-B5E0-4A8C-9405-BAE9352376A5} = {FB4FE66A-E49C-4A1A-AC40-6F6172A7AD1F}
		{F5C5DF9A-A5F9-4FCF-B478-EF27D2CD5F69} = {9FF4066B-B02F-4C09-B460-3C0CACBCEEF4}
		{A21CCDDD-88B2-49BA-8637-FADB3D646D7D} = {FB35BCD8-1BC7-4BD6-8452-03EF5ED474A8}
		{5EF1DA89-5E85-4472-8EBA-0EE4650BBEA4} = {89A8C8E4-02E1-45AE-8B43-28E62013EADE}
	EndGlobalSection
	GlobalSection(ProjectConfigurationPlatforms) = postSolution
		{25CDAA92-F4FE-41AA-ABFF-20167D395406}.Debug|Any CPU.ActiveCfg = Debug|Any CPU
		{25CDAA92-F4FE-41AA-ABFF-20167D395406}.Debug|Any CPU.Build.0 = Debug|Any CPU
		{25CDAA92-F4FE-41AA-ABFF-20167D395406}.Release|Any CPU.ActiveCfg = Release|Any CPU
		{25CDAA92-F4FE-41AA-ABFF-20167D395406}.Release|Any CPU.Build.0 = Release|Any CPU
		{A906DF96-5605-4EEB-BB92-DD537B0E4744}.Debug|Any CPU.ActiveCfg = Debug|Any CPU
		{A906DF96-5605-4EEB-BB92-DD537B0E4744}.Debug|Any CPU.Build.0 = Debug|Any CPU
		{A906DF96-5605-4EEB-BB92-DD537B0E4744}.Release|Any CPU.ActiveCfg = Release|Any CPU
		{A906DF96-5605-4EEB-BB92-DD537B0E4744}.Release|Any CPU.Build.0 = Release|Any CPU
		{49194F1C-E548-409B-8312-5375DEBBEE95}.Debug|Any CPU.ActiveCfg = Debug|Any CPU
		{49194F1C-E548-409B-8312-5375DEBBEE95}.Debug|Any CPU.Build.0 = Debug|Any CPU
		{49194F1C-E548-409B-8312-5375DEBBEE95}.Release|Any CPU.ActiveCfg = Release|Any CPU
		{49194F1C-E548-409B-8312-5375DEBBEE95}.Release|Any CPU.Build.0 = Release|Any CPU
		{C232D603-BB8C-4A5A-9612-B0F7B0FD72A3}.Debug|Any CPU.ActiveCfg = Debug|Any CPU
		{C232D603-BB8C-4A5A-9612-B0F7B0FD72A3}.Debug|Any CPU.Build.0 = Debug|Any CPU
		{C232D603-BB8C-4A5A-9612-B0F7B0FD72A3}.Release|Any CPU.ActiveCfg = Release|Any CPU
		{C232D603-BB8C-4A5A-9612-B0F7B0FD72A3}.Release|Any CPU.Build.0 = Release|Any CPU
		{3769A7A9-E357-45A6-A67A-25F3FA98386D}.Debug|Any CPU.ActiveCfg = Debug|Any CPU
		{3769A7A9-E357-45A6-A67A-25F3FA98386D}.Debug|Any CPU.Build.0 = Debug|Any CPU
		{3769A7A9-E357-45A6-A67A-25F3FA98386D}.Release|Any CPU.ActiveCfg = Release|Any CPU
		{3769A7A9-E357-45A6-A67A-25F3FA98386D}.Release|Any CPU.Build.0 = Release|Any CPU
		{28149B92-936A-4176-869C-C2D77932618D}.Debug|Any CPU.ActiveCfg = Debug|Any CPU
		{28149B92-936A-4176-869C-C2D77932618D}.Debug|Any CPU.Build.0 = Debug|Any CPU
		{28149B92-936A-4176-869C-C2D77932618D}.Release|Any CPU.ActiveCfg = Release|Any CPU
		{28149B92-936A-4176-869C-C2D77932618D}.Release|Any CPU.Build.0 = Release|Any CPU
		{986FC133-CA5F-47F8-86BB-59503D9ECD22}.Debug|Any CPU.ActiveCfg = Debug|Any CPU
		{986FC133-CA5F-47F8-86BB-59503D9ECD22}.Debug|Any CPU.Build.0 = Debug|Any CPU
		{986FC133-CA5F-47F8-86BB-59503D9ECD22}.Release|Any CPU.ActiveCfg = Release|Any CPU
		{986FC133-CA5F-47F8-86BB-59503D9ECD22}.Release|Any CPU.Build.0 = Release|Any CPU
		{7EB2AAA3-B5D2-4439-A139-A5EB5CA7E4E9}.Debug|Any CPU.ActiveCfg = Debug|Any CPU
		{7EB2AAA3-B5D2-4439-A139-A5EB5CA7E4E9}.Debug|Any CPU.Build.0 = Debug|Any CPU
		{7EB2AAA3-B5D2-4439-A139-A5EB5CA7E4E9}.Release|Any CPU.ActiveCfg = Release|Any CPU
		{7EB2AAA3-B5D2-4439-A139-A5EB5CA7E4E9}.Release|Any CPU.Build.0 = Release|Any CPU
		{20D39AD3-6413-4E46-A6B2-D48A343853EA}.Debug|Any CPU.ActiveCfg = Debug|Any CPU
		{20D39AD3-6413-4E46-A6B2-D48A343853EA}.Debug|Any CPU.Build.0 = Debug|Any CPU
		{20D39AD3-6413-4E46-A6B2-D48A343853EA}.Release|Any CPU.ActiveCfg = Release|Any CPU
		{20D39AD3-6413-4E46-A6B2-D48A343853EA}.Release|Any CPU.Build.0 = Release|Any CPU
		{2158DB3C-6694-4569-B3ED-7676400515AD}.Debug|Any CPU.ActiveCfg = Debug|Any CPU
		{2158DB3C-6694-4569-B3ED-7676400515AD}.Debug|Any CPU.Build.0 = Debug|Any CPU
		{2158DB3C-6694-4569-B3ED-7676400515AD}.Release|Any CPU.ActiveCfg = Release|Any CPU
		{2158DB3C-6694-4569-B3ED-7676400515AD}.Release|Any CPU.Build.0 = Release|Any CPU
		{06A6C98C-3C79-42B7-A1FA-1DFA9C341839}.Debug|Any CPU.ActiveCfg = Debug|Any CPU
		{06A6C98C-3C79-42B7-A1FA-1DFA9C341839}.Debug|Any CPU.Build.0 = Debug|Any CPU
		{06A6C98C-3C79-42B7-A1FA-1DFA9C341839}.Release|Any CPU.ActiveCfg = Release|Any CPU
		{06A6C98C-3C79-42B7-A1FA-1DFA9C341839}.Release|Any CPU.Build.0 = Release|Any CPU
		{80F0F127-442C-481B-9F8C-CEB90C590808}.Debug|Any CPU.ActiveCfg = Debug|Any CPU
		{80F0F127-442C-481B-9F8C-CEB90C590808}.Debug|Any CPU.Build.0 = Debug|Any CPU
		{80F0F127-442C-481B-9F8C-CEB90C590808}.Release|Any CPU.ActiveCfg = Release|Any CPU
		{80F0F127-442C-481B-9F8C-CEB90C590808}.Release|Any CPU.Build.0 = Release|Any CPU
		{F11E4191-CE0C-4A1D-9C88-D6E3FE815DBE}.Debug|Any CPU.ActiveCfg = Debug|Any CPU
		{F11E4191-CE0C-4A1D-9C88-D6E3FE815DBE}.Debug|Any CPU.Build.0 = Debug|Any CPU
		{F11E4191-CE0C-4A1D-9C88-D6E3FE815DBE}.Release|Any CPU.ActiveCfg = Release|Any CPU
		{F11E4191-CE0C-4A1D-9C88-D6E3FE815DBE}.Release|Any CPU.Build.0 = Release|Any CPU
		{797B01BB-B5E0-4A8C-9405-BAE9352376A5}.Debug|Any CPU.ActiveCfg = Debug|Any CPU
		{797B01BB-B5E0-4A8C-9405-BAE9352376A5}.Debug|Any CPU.Build.0 = Debug|Any CPU
		{797B01BB-B5E0-4A8C-9405-BAE9352376A5}.Release|Any CPU.ActiveCfg = Release|Any CPU
		{797B01BB-B5E0-4A8C-9405-BAE9352376A5}.Release|Any CPU.Build.0 = Release|Any CPU
		{A21CCDDD-88B2-49BA-8637-FADB3D646D7D}.Debug|Any CPU.ActiveCfg = Debug|Any CPU
		{A21CCDDD-88B2-49BA-8637-FADB3D646D7D}.Debug|Any CPU.Build.0 = Debug|Any CPU
		{A21CCDDD-88B2-49BA-8637-FADB3D646D7D}.Release|Any CPU.ActiveCfg = Release|Any CPU
		{A21CCDDD-88B2-49BA-8637-FADB3D646D7D}.Release|Any CPU.Build.0 = Release|Any CPU
		{5EF1DA89-5E85-4472-8EBA-0EE4650BBEA4}.Debug|Any CPU.ActiveCfg = Debug|Any CPU
		{5EF1DA89-5E85-4472-8EBA-0EE4650BBEA4}.Debug|Any CPU.Build.0 = Debug|Any CPU
		{5EF1DA89-5E85-4472-8EBA-0EE4650BBEA4}.Release|Any CPU.ActiveCfg = Release|Any CPU
		{5EF1DA89-5E85-4472-8EBA-0EE4650BBEA4}.Release|Any CPU.Build.0 = Release|Any CPU
	EndGlobalSection
EndGlobal
